
Microsoft Visual Studio Solution File, Format Version 12.00
# Visual Studio Version 17
VisualStudioVersion = 17.0.31903.59
MinimumVisualStudioVersion = 10.0.40219.1
Project("{2150E333-8FDC-42A3-9474-1A3956D46DE8}") = "src", "src", "{827E0CD3-B72D-47B6-A68D-7590B98EB39B}"
EndProject
Project("{FAE04EC0-301F-11D3-BF4B-00C04F79EFBC}") = "Game.Domain", "src\Game.Domain\Game.Domain.csproj", "{0911B413-CE5D-4087-A548-D86D85BE919B}"
EndProject
Project("{FAE04EC0-301F-11D3-BF4B-00C04F79EFBC}") = "Game.Application", "src\Game.Application\Game.Application.csproj", "{34A4D135-8F15-4C93-ACB0-B92C0DC67F8F}"
EndProject
Project("{FAE04EC0-301F-11D3-BF4B-00C04F79EFBC}") = "Game.Api", "src\Game.Api\Game.Api.csproj", "{60E3B5B6-D20E-4E86-9FFD-2E4CE744428A}"
EndProject
Project("{2150E333-8FDC-42A3-9474-1A3956D46DE8}") = "tests", "tests", "{0AB3BF05-4346-4AA6-1389-037BE0695223}"
EndProject
Project("{FAE04EC0-301F-11D3-BF4B-00C04F79EFBC}") = "Game.Tests", "tests\Game.Tests\Game.Tests.csproj", "{5772F123-EBAC-4CAE-821D-26CC25B97ADA}"
EndProject
Project("{FAE04EC0-301F-11D3-BF4B-00C04F79EFBC}") = "Game.Infrastructure", "src\Game.Infrastructure\Game.Infrastructure.csproj", "{482207CB-D53D-4882-8256-CA83A9DCBEC3}"
EndProject
Global
	GlobalSection(SolutionConfigurationPlatforms) = preSolution
		Debug|Any CPU = Debug|Any CPU
		Debug|x64 = Debug|x64
		Debug|x86 = Debug|x86
		Release|Any CPU = Release|Any CPU
		Release|x64 = Release|x64
		Release|x86 = Release|x86
	EndGlobalSection
	GlobalSection(ProjectConfigurationPlatforms) = postSolution
		{0911B413-CE5D-4087-A548-D86D85BE919B}.Debug|Any CPU.ActiveCfg = Debug|Any CPU
		{0911B413-CE5D-4087-A548-D86D85BE919B}.Debug|Any CPU.Build.0 = Debug|Any CPU
		{0911B413-CE5D-4087-A548-D86D85BE919B}.Debug|x64.ActiveCfg = Debug|Any CPU
		{0911B413-CE5D-4087-A548-D86D85BE919B}.Debug|x64.Build.0 = Debug|Any CPU
		{0911B413-CE5D-4087-A548-D86D85BE919B}.Debug|x86.ActiveCfg = Debug|Any CPU
		{0911B413-CE5D-4087-A548-D86D85BE919B}.Debug|x86.Build.0 = Debug|Any CPU
		{0911B413-CE5D-4087-A548-D86D85BE919B}.Release|Any CPU.ActiveCfg = Release|Any CPU
		{0911B413-CE5D-4087-A548-D86D85BE919B}.Release|Any CPU.Build.0 = Release|Any CPU
		{0911B413-CE5D-4087-A548-D86D85BE919B}.Release|x64.ActiveCfg = Release|Any CPU
		{0911B413-CE5D-4087-A548-D86D85BE919B}.Release|x64.Build.0 = Release|Any CPU
		{0911B413-CE5D-4087-A548-D86D85BE919B}.Release|x86.ActiveCfg = Release|Any CPU
		{0911B413-CE5D-4087-A548-D86D85BE919B}.Release|x86.Build.0 = Release|Any CPU
		{34A4D135-8F15-4C93-ACB0-B92C0DC67F8F}.Debug|Any CPU.ActiveCfg = Debug|Any CPU
		{34A4D135-8F15-4C93-ACB0-B92C0DC67F8F}.Debug|Any CPU.Build.0 = Debug|Any CPU
		{34A4D135-8F15-4C93-ACB0-B92C0DC67F8F}.Debug|x64.ActiveCfg = Debug|Any CPU
		{34A4D135-8F15-4C93-ACB0-B92C0DC67F8F}.Debug|x64.Build.0 = Debug|Any CPU
		{34A4D135-8F15-4C93-ACB0-B92C0DC67F8F}.Debug|x86.ActiveCfg = Debug|Any CPU
		{34A4D135-8F15-4C93-ACB0-B92C0DC67F8F}.Debug|x86.Build.0 = Debug|Any CPU
		{34A4D135-8F15-4C93-ACB0-B92C0DC67F8F}.Release|Any CPU.ActiveCfg = Release|Any CPU
		{34A4D135-8F15-4C93-ACB0-B92C0DC67F8F}.Release|Any CPU.Build.0 = Release|Any CPU
		{34A4D135-8F15-4C93-ACB0-B92C0DC67F8F}.Release|x64.ActiveCfg = Release|Any CPU
		{34A4D135-8F15-4C93-ACB0-B92C0DC67F8F}.Release|x64.Build.0 = Release|Any CPU
		{34A4D135-8F15-4C93-ACB0-B92C0DC67F8F}.Release|x86.ActiveCfg = Release|Any CPU
		{34A4D135-8F15-4C93-ACB0-B92C0DC67F8F}.Release|x86.Build.0 = Release|Any CPU
		{60E3B5B6-D20E-4E86-9FFD-2E4CE744428A}.Debug|Any CPU.ActiveCfg = Debug|Any CPU
		{60E3B5B6-D20E-4E86-9FFD-2E4CE744428A}.Debug|Any CPU.Build.0 = Debug|Any CPU
		{60E3B5B6-D20E-4E86-9FFD-2E4CE744428A}.Debug|x64.ActiveCfg = Debug|Any CPU
		{60E3B5B6-D20E-4E86-9FFD-2E4CE744428A}.Debug|x64.Build.0 = Debug|Any CPU
		{60E3B5B6-D20E-4E86-9FFD-2E4CE744428A}.Debug|x86.ActiveCfg = Debug|Any CPU
		{60E3B5B6-D20E-4E86-9FFD-2E4CE744428A}.Debug|x86.Build.0 = Debug|Any CPU
		{60E3B5B6-D20E-4E86-9FFD-2E4CE744428A}.Release|Any CPU.ActiveCfg = Release|Any CPU
		{60E3B5B6-D20E-4E86-9FFD-2E4CE744428A}.Release|Any CPU.Build.0 = Release|Any CPU
		{60E3B5B6-D20E-4E86-9FFD-2E4CE744428A}.Release|x64.ActiveCfg = Release|Any CPU
		{60E3B5B6-D20E-4E86-9FFD-2E4CE744428A}.Release|x64.Build.0 = Release|Any CPU
		{60E3B5B6-D20E-4E86-9FFD-2E4CE744428A}.Release|x86.ActiveCfg = Release|Any CPU
		{60E3B5B6-D20E-4E86-9FFD-2E4CE744428A}.Release|x86.Build.0 = Release|Any CPU
		{5772F123-EBAC-4CAE-821D-26CC25B97ADA}.Debug|Any CPU.ActiveCfg = Debug|Any CPU
		{5772F123-EBAC-4CAE-821D-26CC25B97ADA}.Debug|Any CPU.Build.0 = Debug|Any CPU
		{5772F123-EBAC-4CAE-821D-26CC25B97ADA}.Debug|x64.ActiveCfg = Debug|Any CPU
		{5772F123-EBAC-4CAE-821D-26CC25B97ADA}.Debug|x64.Build.0 = Debug|Any CPU
		{5772F123-EBAC-4CAE-821D-26CC25B97ADA}.Debug|x86.ActiveCfg = Debug|Any CPU
		{5772F123-EBAC-4CAE-821D-26CC25B97ADA}.Debug|x86.Build.0 = Debug|Any CPU
		{5772F123-EBAC-4CAE-821D-26CC25B97ADA}.Release|Any CPU.ActiveCfg = Release|Any CPU
		{5772F123-EBAC-4CAE-821D-26CC25B97ADA}.Release|Any CPU.Build.0 = Release|Any CPU
		{5772F123-EBAC-4CAE-821D-26CC25B97ADA}.Release|x64.ActiveCfg = Release|Any CPU
		{5772F123-EBAC-4CAE-821D-26CC25B97ADA}.Release|x64.Build.0 = Release|Any CPU
		{5772F123-EBAC-4CAE-821D-26CC25B97ADA}.Release|x86.ActiveCfg = Release|Any CPU
		{5772F123-EBAC-4CAE-821D-26CC25B97ADA}.Release|x86.Build.0 = Release|Any CPU
		{482207CB-D53D-4882-8256-CA83A9DCBEC3}.Debug|Any CPU.ActiveCfg = Debug|Any CPU
		{482207CB-D53D-4882-8256-CA83A9DCBEC3}.Debug|Any CPU.Build.0 = Debug|Any CPU
		{482207CB-D53D-4882-8256-CA83A9DCBEC3}.Debug|x64.ActiveCfg = Debug|Any CPU
		{482207CB-D53D-4882-8256-CA83A9DCBEC3}.Debug|x64.Build.0 = Debug|Any CPU
		{482207CB-D53D-4882-8256-CA83A9DCBEC3}.Debug|x86.ActiveCfg = Debug|Any CPU
		{482207CB-D53D-4882-8256-CA83A9DCBEC3}.Debug|x86.Build.0 = Debug|Any CPU
		{482207CB-D53D-4882-8256-CA83A9DCBEC3}.Release|Any CPU.ActiveCfg = Release|Any CPU
		{482207CB-D53D-4882-8256-CA83A9DCBEC3}.Release|Any CPU.Build.0 = Release|Any CPU
		{482207CB-D53D-4882-8256-CA83A9DCBEC3}.Release|x64.ActiveCfg = Release|Any CPU
		{482207CB-D53D-4882-8256-CA83A9DCBEC3}.Release|x64.Build.0 = Release|Any CPU
		{482207CB-D53D-4882-8256-CA83A9DCBEC3}.Release|x86.ActiveCfg = Release|Any CPU
		{482207CB-D53D-4882-8256-CA83A9DCBEC3}.Release|x86.Build.0 = Release|Any CPU
	EndGlobalSection
	GlobalSection(SolutionProperties) = preSolution
		HideSolutionNode = FALSE
	EndGlobalSection
	GlobalSection(NestedProjects) = preSolution
		{0911B413-CE5D-4087-A548-D86D85BE919B} = {827E0CD3-B72D-47B6-A68D-7590B98EB39B}
		{34A4D135-8F15-4C93-ACB0-B92C0DC67F8F} = {827E0CD3-B72D-47B6-A68D-7590B98EB39B}
		{60E3B5B6-D20E-4E86-9FFD-2E4CE744428A} = {827E0CD3-B72D-47B6-A68D-7590B98EB39B}
		{5772F123-EBAC-4CAE-821D-26CC25B97ADA} = {0AB3BF05-4346-4AA6-1389-037BE0695223}
		{482207CB-D53D-4882-8256-CA83A9DCBEC3} = {827E0CD3-B72D-47B6-A68D-7590B98EB39B}
	EndGlobalSection
EndGlobal
